
Microsoft Visual Studio Solution File, Format Version 12.00
# Visual Studio 14
VisualStudioVersion = 14.0.25420.1
MinimumVisualStudioVersion = 10.0.40219.1
Project("{FAE04EC0-301F-11D3-BF4B-00C04F79EFBC}") = "ApiAuth", "api-auth\ApiAuth.csproj", "{27640F96-06B0-4B33-A7BE-05B9307982B5}"
EndProject
Project("{2150E333-8FDC-42A3-9474-1A3956D46DE8}") = "Solution Items", "Solution Items", "{20CF7FF7-08EF-430E-B7A0-5D211AC95BC4}"
	ProjectSection(SolutionItems) = preProject
		readme.txt = readme.txt
	EndProjectSection
EndProject
Project("{FAE04EC0-301F-11D3-BF4B-00C04F79EFBC}") = "SiteAuth", "SiteAuth\SiteAuth.csproj", "{11BA0AB9-D505-49A9-9560-36516B036C2A}"
EndProject
Global
	GlobalSection(SolutionConfigurationPlatforms) = preSolution
		Debug|Any CPU = Debug|Any CPU
		Release|Any CPU = Release|Any CPU
	EndGlobalSection
	GlobalSection(ProjectConfigurationPlatforms) = postSolution
		{27640F96-06B0-4B33-A7BE-05B9307982B5}.Debug|Any CPU.ActiveCfg = Debug|Any CPU
		{27640F96-06B0-4B33-A7BE-05B9307982B5}.Debug|Any CPU.Build.0 = Debug|Any CPU
		{27640F96-06B0-4B33-A7BE-05B9307982B5}.Release|Any CPU.ActiveCfg = Release|Any CPU
		{27640F96-06B0-4B33-A7BE-05B9307982B5}.Release|Any CPU.Build.0 = Release|Any CPU
		{11BA0AB9-D505-49A9-9560-36516B036C2A}.Debug|Any CPU.ActiveCfg = Debug|Any CPU
		{11BA0AB9-D505-49A9-9560-36516B036C2A}.Debug|Any CPU.Build.0 = Debug|Any CPU
		{11BA0AB9-D505-49A9-9560-36516B036C2A}.Release|Any CPU.ActiveCfg = Release|Any CPU
		{11BA0AB9-D505-49A9-9560-36516B036C2A}.Release|Any CPU.Build.0 = Release|Any CPU
	EndGlobalSection
	GlobalSection(SolutionProperties) = preSolution
		HideSolutionNode = FALSE
	EndGlobalSection
EndGlobal
